
Microsoft Visual Studio Solution File, Format Version 12.00
# Visual Studio Version 17
VisualStudioVersion = 17.1.32210.238
MinimumVisualStudioVersion = 10.0.40219.1
Project("{FAE04EC0-301F-11D3-BF4B-00C04F79EFBC}") = "Elevator", "Elevator\Elevator.csproj", "{FFCC4E13-957A-49C7-B9AA-6AF762E8A571}"
EndProject
Global
	GlobalSection(SolutionConfigurationPlatforms) = preSolution
		Debug|Any CPU = Debug|Any CPU
		Release|Any CPU = Release|Any CPU
	EndGlobalSection
	GlobalSection(ProjectConfigurationPlatforms) = postSolution
		{FFCC4E13-957A-49C7-B9AA-6AF762E8A571}.Debug|Any CPU.ActiveCfg = Debug|Any CPU
		{FFCC4E13-957A-49C7-B9AA-6AF762E8A571}.Debug|Any CPU.Build.0 = Debug|Any CPU
		{FFCC4E13-957A-49C7-B9AA-6AF762E8A571}.Release|Any CPU.ActiveCfg = Release|Any CPU
		{FFCC4E13-957A-49C7-B9AA-6AF762E8A571}.Release|Any CPU.Build.0 = Release|Any CPU
	EndGlobalSection
	GlobalSection(SolutionProperties) = preSolution
		HideSolutionNode = FALSE
	EndGlobalSection
	GlobalSection(ExtensibilityGlobals) = postSolution
		SolutionGuid = {4067CF99-51FB-4A71-870F-D8632E7695F5}
	EndGlobalSection
EndGlobal
